
Microsoft Visual Studio Solution File, Format Version 12.00
# Visual Studio Version 16
VisualStudioVersion = 16.0.29905.134
MinimumVisualStudioVersion = 10.0.40219.1
Project("{FAE04EC0-301F-11D3-BF4B-00C04F79EFBC}") = "Generations", "Generations.csproj", "{5501EE81-D069-4E90-9950-494E1F6DB123}"
EndProject
Global
	GlobalSection(SolutionConfigurationPlatforms) = preSolution
		Debug|Any CPU = Debug|Any CPU
		Release|Any CPU = Release|Any CPU
	EndGlobalSection
	GlobalSection(ProjectConfigurationPlatforms) = postSolution
		{5501EE81-D069-4E90-9950-494E1F6DB123}.Debug|Any CPU.ActiveCfg = Debug|Any CPU
		{5501EE81-D069-4E90-9950-494E1F6DB123}.Debug|Any CPU.Build.0 = Debug|Any CPU
		{5501EE81-D069-4E90-9950-494E1F6DB123}.Release|Any CPU.ActiveCfg = Release|Any CPU
		{5501EE81-D069-4E90-9950-494E1F6DB123}.Release|Any CPU.Build.0 = Release|Any CPU
	EndGlobalSection
	GlobalSection(SolutionProperties) = preSolution
		HideSolutionNode = FALSE
	EndGlobalSection
	GlobalSection(ExtensibilityGlobals) = postSolution
		SolutionGuid = {DE08C14B-FFC0-4E50-ADCC-EBE718860355}
	EndGlobalSection
EndGlobal
